
Microsoft Visual Studio Solution File, Format Version 12.00
# Visual Studio Version 17
VisualStudioVersion = 17.4.33205.214
MinimumVisualStudioVersion = 10.0.40219.1
Project("{FAE04EC0-301F-11D3-BF4B-00C04F79EFBC}") = "PJMDataMiner", "PJMDataMiner.csproj", "{37C17454-BF4C-4958-9256-0DF4B479A741}"
EndProject
Global
	GlobalSection(SolutionConfigurationPlatforms) = preSolution
		Debug|Any CPU = Debug|Any CPU
		Release|Any CPU = Release|Any CPU
	EndGlobalSection
	GlobalSection(ProjectConfigurationPlatforms) = postSolution
		{37C17454-BF4C-4958-9256-0DF4B479A741}.Debug|Any CPU.ActiveCfg = Debug|Any CPU
		{37C17454-BF4C-4958-9256-0DF4B479A741}.Debug|Any CPU.Build.0 = Debug|Any CPU
		{37C17454-BF4C-4958-9256-0DF4B479A741}.Release|Any CPU.ActiveCfg = Release|Any CPU
		{37C17454-BF4C-4958-9256-0DF4B479A741}.Release|Any CPU.Build.0 = Release|Any CPU
	EndGlobalSection
	GlobalSection(SolutionProperties) = preSolution
		HideSolutionNode = FALSE
	EndGlobalSection
	GlobalSection(ExtensibilityGlobals) = postSolution
		SolutionGuid = {418FF064-B71E-4F9C-B20E-72E1A5F1D63B}
	EndGlobalSection
EndGlobal
